
Microsoft Visual Studio Solution File, Format Version 12.00
# Visual Studio Version 17
VisualStudioVersion = 17.10.34916.146
MinimumVisualStudioVersion = 10.0.40219.1
Project("{8BC9CEB8-8B4A-11D0-8D11-00A0C91BC942}") = "DZ(OOP)1C++", "DZ(OOP)1C++\DZ(OOP)1C++.vcxproj", "{3CE0DC53-E129-47AC-8294-EF913D30E42E}"
EndProject
Global
	GlobalSection(SolutionConfigurationPlatforms) = preSolution
		Debug|x64 = Debug|x64
		Debug|x86 = Debug|x86
		Release|x64 = Release|x64
		Release|x86 = Release|x86
	EndGlobalSection
	GlobalSection(ProjectConfigurationPlatforms) = postSolution
		{3CE0DC53-E129-47AC-8294-EF913D30E42E}.Debug|x64.ActiveCfg = Debug|x64
		{3CE0DC53-E129-47AC-8294-EF913D30E42E}.Debug|x64.Build.0 = Debug|x64
		{3CE0DC53-E129-47AC-8294-EF913D30E42E}.Debug|x86.ActiveCfg = Debug|Win32
		{3CE0DC53-E129-47AC-8294-EF913D30E42E}.Debug|x86.Build.0 = Debug|Win32
		{3CE0DC53-E129-47AC-8294-EF913D30E42E}.Release|x64.ActiveCfg = Release|x64
		{3CE0DC53-E129-47AC-8294-EF913D30E42E}.Release|x64.Build.0 = Release|x64
		{3CE0DC53-E129-47AC-8294-EF913D30E42E}.Release|x86.ActiveCfg = Release|Win32
		{3CE0DC53-E129-47AC-8294-EF913D30E42E}.Release|x86.Build.0 = Release|Win32
	EndGlobalSection
	GlobalSection(SolutionProperties) = preSolution
		HideSolutionNode = FALSE
	EndGlobalSection
	GlobalSection(ExtensibilityGlobals) = postSolution
		SolutionGuid = {9980C9ED-36C6-49D7-AA97-64F21291F55D}
	EndGlobalSection
EndGlobal
